
Microsoft Visual Studio Solution File, Format Version 12.00
# Visual Studio Version 17
VisualStudioVersion = 17.7.34202.233
MinimumVisualStudioVersion = 10.0.40219.1
Project("{FAE04EC0-301F-11D3-BF4B-00C04F79EFBC}") = "WinFormsApp", "WinFormsApp.csproj", "{696C63AC-B3DA-4530-8BBF-F1AA0AF3E64E}"
EndProject
Global
	GlobalSection(SolutionConfigurationPlatforms) = preSolution
		Debug|Any CPU = Debug|Any CPU
		Release|Any CPU = Release|Any CPU
	EndGlobalSection
	GlobalSection(ProjectConfigurationPlatforms) = postSolution
		{696C63AC-B3DA-4530-8BBF-F1AA0AF3E64E}.Debug|Any CPU.ActiveCfg = Debug|Any CPU
		{696C63AC-B3DA-4530-8BBF-F1AA0AF3E64E}.Debug|Any CPU.Build.0 = Debug|Any CPU
		{696C63AC-B3DA-4530-8BBF-F1AA0AF3E64E}.Release|Any CPU.ActiveCfg = Release|Any CPU
		{696C63AC-B3DA-4530-8BBF-F1AA0AF3E64E}.Release|Any CPU.Build.0 = Release|Any CPU
	EndGlobalSection
	GlobalSection(SolutionProperties) = preSolution
		HideSolutionNode = FALSE
	EndGlobalSection
	GlobalSection(ExtensibilityGlobals) = postSolution
		SolutionGuid = {A705038D-00B0-4DE5-A44C-CDF9BEAE64D1}
	EndGlobalSection
EndGlobal
